{
  "nodes": {
    "agentd": {
      "inputs": {
        "flake-utils": "flake-utils",
        "nixpkgs": [
          "nixpkgs"
        ]
      },
      "locked": {
        "lastModified": 1772370046,
        "narHash": "sha256-t37Xv1TmiOLwmbtcNzm+DdLnehkBOPsr5XGUQb++wFc=",
        "owner": "papercomputeco",
        "repo": "agentd",
        "rev": "7bdbbb44067267f4bf3cd348af99a7f12f84dada",
        "type": "github"
      },
      "original": {
        "owner": "papercomputeco",
        "repo": "agentd",
        "type": "github"
      }
    },
    "dagger": {
      "inputs": {
        "nixpkgs": [
          "nixpkgs"
        ]
      },
      "locked": {
        "lastModified": 1770335455,
        "narHash": "sha256-3+MXZ2A7WK6H5lfrdIMemYHhrmLNH9NvvJIQWeQk6EQ=",
        "owner": "dagger",
        "repo": "nix",
        "rev": "e236052a8312eee5b8358cbfcd3a57ee6ceb7765",
        "type": "github"
      },
      "original": {
        "owner": "dagger",
        "repo": "nix",
        "type": "github"
      }
    },
    "dagger_2": {
      "inputs": {
        "nixpkgs": [
          "stereosd",
          "nixpkgs"
        ]
      },
      "locked": {
        "lastModified": 1770335455,
        "narHash": "sha256-3+MXZ2A7WK6H5lfrdIMemYHhrmLNH9NvvJIQWeQk6EQ=",
        "owner": "dagger",
        "repo": "nix",
        "rev": "e236052a8312eee5b8358cbfcd3a57ee6ceb7765",
        "type": "github"
      },
      "original": {
        "owner": "dagger",
        "repo": "nix",
        "type": "github"
      }
    },
    "flake-parts": {
      "inputs": {
        "nixpkgs-lib": "nixpkgs-lib"
      },
      "locked": {
        "lastModified": 1769996383,
        "narHash": "sha256-AnYjnFWgS49RlqX7LrC4uA+sCCDBj0Ry/WOJ5XWAsa0=",
        "owner": "hercules-ci",
        "repo": "flake-parts",
        "rev": "57928607ea566b5db3ad13af0e57e921e6b12381",
        "type": "github"
      },
      "original": {
        "owner": "hercules-ci",
        "repo": "flake-parts",
        "type": "github"
      }
    },
    "flake-parts_2": {
      "inputs": {
        "nixpkgs-lib": [
          "stereosd",
          "skills",
          "flake-skills",
          "nixpkgs"
        ]
      },
      "locked": {
        "lastModified": 1769996383,
        "narHash": "sha256-AnYjnFWgS49RlqX7LrC4uA+sCCDBj0Ry/WOJ5XWAsa0=",
        "owner": "hercules-ci",
        "repo": "flake-parts",
        "rev": "57928607ea566b5db3ad13af0e57e921e6b12381",
        "type": "github"
      },
      "original": {
        "owner": "hercules-ci",
        "repo": "flake-parts",
        "type": "github"
      }
    },
    "flake-skills": {
      "inputs": {
        "flake-parts": "flake-parts_2",
        "nixpkgs": "nixpkgs_2"
      },
      "locked": {
        "lastModified": 1772144141,
        "narHash": "sha256-YZblb9N58JbAwsv8Uc75LBvw2JKs8Pb9qC4Eu42i5Kw=",
        "owner": "papercomputeco",
        "repo": "flake-skills",
        "rev": "4085b2b7289e7789c549a2bd4f86a83517ddc662",
        "type": "github"
      },
      "original": {
        "owner": "papercomputeco",
        "repo": "flake-skills",
        "type": "github"
      }
    },
    "flake-utils": {
      "inputs": {
        "systems": "systems"
      },
      "locked": {
        "lastModified": 1731533236,
        "narHash": "sha256-l0KFg5HjrsfsO/JpG+r7fRrqm12kzFHyUHqHCVpMMbI=",
        "owner": "numtide",
        "repo": "flake-utils",
        "rev": "11707dc2f618dd54ca8739b309ec4fc024de578b",
        "type": "github"
      },
      "original": {
        "owner": "numtide",
        "repo": "flake-utils",
        "type": "github"
      }
    },
    "flake-utils_2": {
      "inputs": {
        "systems": "systems_2"
      },
      "locked": {
        "lastModified": 1731533236,
        "narHash": "sha256-l0KFg5HjrsfsO/JpG+r7fRrqm12kzFHyUHqHCVpMMbI=",
        "owner": "numtide",
        "repo": "flake-utils",
        "rev": "11707dc2f618dd54ca8739b309ec4fc024de578b",
        "type": "github"
      },
      "original": {
        "owner": "numtide",
        "repo": "flake-utils",
        "type": "github"
      }
    },
    "nixpkgs": {
      "locked": {
        "lastModified": 1771207753,
        "narHash": "sha256-b9uG8yN50DRQ6A7JdZBfzq718ryYrlmGgqkRm9OOwCE=",
        "owner": "NixOS",
        "repo": "nixpkgs",
        "rev": "d1c15b7d5806069da59e819999d70e1cec0760bf",
        "type": "github"
      },
      "original": {
        "owner": "NixOS",
        "ref": "nixpkgs-unstable",
        "repo": "nixpkgs",
        "type": "github"
      }
    },
    "nixpkgs-lib": {
      "locked": {
        "lastModified": 1769909678,
        "narHash": "sha256-cBEymOf4/o3FD5AZnzC3J9hLbiZ+QDT/KDuyHXVJOpM=",
        "owner": "nix-community",
        "repo": "nixpkgs.lib",
        "rev": "72716169fe93074c333e8d0173151350670b824c",
        "type": "github"
      },
      "original": {
        "owner": "nix-community",
        "repo": "nixpkgs.lib",
        "type": "github"
      }
    },
    "nixpkgs_2": {
      "locked": {
        "lastModified": 1771848320,
        "narHash": "sha256-0MAd+0mun3K/Ns8JATeHT1sX28faLII5hVLq0L3BdZU=",
        "owner": "NixOS",
        "repo": "nixpkgs",
        "rev": "2fc6539b481e1d2569f25f8799236694180c0993",
        "type": "github"
      },
      "original": {
        "owner": "NixOS",
        "ref": "nixos-unstable",
        "repo": "nixpkgs",
        "type": "github"
      }
    },
    "root": {
      "inputs": {
        "agentd": "agentd",
        "dagger": "dagger",
        "flake-parts": "flake-parts",
        "nixpkgs": "nixpkgs",
        "stereosd": "stereosd"
      }
    },
    "skills": {
      "inputs": {
        "flake-skills": "flake-skills",
        "nixpkgs": [
          "stereosd",
          "nixpkgs"
        ]
      },
      "locked": {
        "lastModified": 1772144395,
        "narHash": "sha256-VY/EkIEzWKeBsOwAB7UGezmhRMapJvCAdyD1xQ9E81w=",
        "owner": "papercomputeco",
        "repo": "skills",
        "rev": "5b9009796dbcc920f6d91be5071ae6a544cdefb4",
        "type": "github"
      },
      "original": {
        "owner": "papercomputeco",
        "repo": "skills",
        "type": "github"
      }
    },
    "stereosd": {
      "inputs": {
        "dagger": "dagger_2",
        "flake-utils": "flake-utils_2",
        "nixpkgs": [
          "nixpkgs"
        ],
        "skills": "skills"
      },
      "locked": {
        "lastModified": 1779871045,
        "narHash": "sha256-PMuRO8kBjCp5SVWpzpfXxzOXjCPe6u0BTiegnaeNwKM=",
        "owner": "andr-ec",
        "repo": "stereosd",
        "rev": "e5fbd412d4c87c583d70ba1c97d22353701382df",
        "type": "github"
      },
      "original": {
        "owner": "andr-ec",
        "ref": "feat/per-sandbox-users",
        "repo": "stereosd",
        "type": "github"
      }
    },
    "systems": {
      "locked": {
        "lastModified": 1681028828,
        "narHash": "sha256-Vy1rq5AaRuLzOxct8nz4T6wlgyUR7zLU309k9mBC768=",
        "owner": "nix-systems",
        "repo": "default",
        "rev": "da67096a3b9bf56a91d16901293e51ba5b49a27e",
        "type": "github"
      },
      "original": {
        "owner": "nix-systems",
        "repo": "default",
        "type": "github"
      }
    },
    "systems_2": {
      "locked": {
        "lastModified": 1681028828,
        "narHash": "sha256-Vy1rq5AaRuLzOxct8nz4T6wlgyUR7zLU309k9mBC768=",
        "owner": "nix-systems",
        "repo": "default",
        "rev": "da67096a3b9bf56a91d16901293e51ba5b49a27e",
        "type": "github"
      },
      "original": {
        "owner": "nix-systems",
        "repo": "default",
        "type": "github"
      }
    }
  },
  "root": "root",
  "version": 7
}
